hash: 21763d7fd44e410d44acb83a834a2c3e40a2b6ded096b516bf155a3246dc7e56
updated: 2017-08-07T15:47:07.28565671-07:00
imports: []
testImports:
- name: github.com/davecgh/go-spew
  version: 6d212800a42e8ab5c146b8ace3490ee17e5225f9
  subpackages:
  - spew
- name: github.com/golang/lint
  version: c5fb716d6688a859aae56d26d3e6070808df29f7
  subpackages:
  - golint
- name: github.com/pmezard/go-difflib
  version: d8ed2627bdf02c080bf22230dbb337003b7aba2d
  subpackages:
  - difflib
- name: github.com/stretchr/testify
  version: 69483b4bd14f5845b5a1e55bca19e954e827f1d0
  subpackages:
  - assert
